
Microsoft Visual Studio Solution File, Format Version 12.00
# Visual Studio Version 16
VisualStudioVersion = 16.0.30002.166
MinimumVisualStudioVersion = 10.0.40219.1
Project("{FAE04EC0-301F-11D3-BF4B-00C04F79EFBC}") = "Calculator", "Calculator.csproj", "{F907FD74-DEFF-41A3-A336-929AF8A15B51}"
EndProject
Global
	GlobalSection(SolutionConfigurationPlatforms) = preSolution
		Debug|Any CPU = Debug|Any CPU
		Release|Any CPU = Release|Any CPU
	EndGlobalSection
	GlobalSection(ProjectConfigurationPlatforms) = postSolution
		{F907FD74-DEFF-41A3-A336-929AF8A15B51}.Debug|Any CPU.ActiveCfg = Debug|Any CPU
		{F907FD74-DEFF-41A3-A336-929AF8A15B51}.Debug|Any CPU.Build.0 = Debug|Any CPU
		{F907FD74-DEFF-41A3-A336-929AF8A15B51}.Release|Any CPU.ActiveCfg = Release|Any CPU
		{F907FD74-DEFF-41A3-A336-929AF8A15B51}.Release|Any CPU.Build.0 = Release|Any CPU
	EndGlobalSection
	GlobalSection(SolutionProperties) = preSolution
		HideSolutionNode = FALSE
	EndGlobalSection
	GlobalSection(ExtensibilityGlobals) = postSolution
		SolutionGuid = {AD412006-E0AC-4E89-85C2-DF48C2DEF43A}
	EndGlobalSection
EndGlobal
